
Microsoft Visual Studio Solution File, Format Version 12.00
# Visual Studio Version 17
VisualStudioVersion = 17.10.34928.147
MinimumVisualStudioVersion = 10.0.40219.1
Project("{FAE04EC0-301F-11D3-BF4B-00C04F79EFBC}") = "TaskmateAPI", "TaskmateAPI\TaskmateAPI.csproj", "{60FA7F27-F39B-4615-8525-651BDE89BB16}"
EndProject
Global
	GlobalSection(SolutionConfigurationPlatforms) = preSolution
		Debug|Any CPU = Debug|Any CPU
		Release|Any CPU = Release|Any CPU
	EndGlobalSection
	GlobalSection(ProjectConfigurationPlatforms) = postSolution
		{60FA7F27-F39B-4615-8525-651BDE89BB16}.Debug|Any CPU.ActiveCfg = Debug|Any CPU
		{60FA7F27-F39B-4615-8525-651BDE89BB16}.Debug|Any CPU.Build.0 = Debug|Any CPU
		{60FA7F27-F39B-4615-8525-651BDE89BB16}.Release|Any CPU.ActiveCfg = Release|Any CPU
		{60FA7F27-F39B-4615-8525-651BDE89BB16}.Release|Any CPU.Build.0 = Release|Any CPU
	EndGlobalSection
	GlobalSection(SolutionProperties) = preSolution
		HideSolutionNode = FALSE
	EndGlobalSection
	GlobalSection(ExtensibilityGlobals) = postSolution
		SolutionGuid = {BD0690B1-AFC1-4B05-91F4-11FD99B4C38E}
	EndGlobalSection
EndGlobal
